
Microsoft Visual Studio Solution File, Format Version 12.00
# Visual Studio Version 17
VisualStudioVersion = 17.9.34723.18
MinimumVisualStudioVersion = 10.0.40219.1
Project("{9A19103F-16F7-4668-BE54-9A1E7A4F7556}") = "NeuralNetworks", "bionic\NeuralNetworks\NeuralNetworks.csproj", "{CCABAF9D-257E-4DB4-B2DE-245BC83E94A7}"
EndProject
Project("{9A19103F-16F7-4668-BE54-9A1E7A4F7556}") = "ProductionSystems", "cognitive\ProductionSystems\ProductionSystems.csproj", "{6F805055-4AA8-46BA-AB94-DDB9E4497C15}"
EndProject
Project("{2150E333-8FDC-42A3-9474-1A3956D46DE8}") = "social", "social", "{94F6826F-AB78-429C-A307-167B002104D0}"
EndProject
Project("{2150E333-8FDC-42A3-9474-1A3956D46DE8}") = "bionic", "bionic", "{F3B010AB-F059-431A-942F-A0D52ABA289D}"
EndProject
Project("{2150E333-8FDC-42A3-9474-1A3956D46DE8}") = "cognitive", "cognitive", "{975135E3-EEF5-43BC-8000-DE89B1A327EF}"
EndProject
Project("{9A19103F-16F7-4668-BE54-9A1E7A4F7556}") = "FrameSystems", "cognitive\FrameSystems\FrameSystems.csproj", "{AFCC354E-B1EA-4FB6-9EB5-2954C1AF6FDA}"
EndProject
Project("{9A19103F-16F7-4668-BE54-9A1E7A4F7556}") = "SemanticNetworks", "cognitive\SemanticNetworks\SemanticNetworks.csproj", "{5249901B-121C-472A-ABEC-B47C5086EB45}"
EndProject
Project("{9A19103F-16F7-4668-BE54-9A1E7A4F7556}") = "CaseBasedReasoning", "cognitive\CaseBasedReasoning\CaseBasedReasoning.csproj", "{470C43D2-805B-4003-B6CD-D79859BA0D40}"
EndProject
Global
	GlobalSection(SolutionConfigurationPlatforms) = preSolution
		Debug|Any CPU = Debug|Any CPU
		Release|Any CPU = Release|Any CPU
	EndGlobalSection
	GlobalSection(ProjectConfigurationPlatforms) = postSolution
		{CCABAF9D-257E-4DB4-B2DE-245BC83E94A7}.Debug|Any CPU.ActiveCfg = Debug|Any CPU
		{CCABAF9D-257E-4DB4-B2DE-245BC83E94A7}.Debug|Any CPU.Build.0 = Debug|Any CPU
		{CCABAF9D-257E-4DB4-B2DE-245BC83E94A7}.Release|Any CPU.ActiveCfg = Release|Any CPU
		{CCABAF9D-257E-4DB4-B2DE-245BC83E94A7}.Release|Any CPU.Build.0 = Release|Any CPU
		{6F805055-4AA8-46BA-AB94-DDB9E4497C15}.Debug|Any CPU.ActiveCfg = Debug|Any CPU
		{6F805055-4AA8-46BA-AB94-DDB9E4497C15}.Debug|Any CPU.Build.0 = Debug|Any CPU
		{6F805055-4AA8-46BA-AB94-DDB9E4497C15}.Release|Any CPU.ActiveCfg = Release|Any CPU
		{6F805055-4AA8-46BA-AB94-DDB9E4497C15}.Release|Any CPU.Build.0 = Release|Any CPU
		{AFCC354E-B1EA-4FB6-9EB5-2954C1AF6FDA}.Debug|Any CPU.ActiveCfg = Debug|Any CPU
		{AFCC354E-B1EA-4FB6-9EB5-2954C1AF6FDA}.Debug|Any CPU.Build.0 = Debug|Any CPU
		{AFCC354E-B1EA-4FB6-9EB5-2954C1AF6FDA}.Release|Any CPU.ActiveCfg = Release|Any CPU
		{AFCC354E-B1EA-4FB6-9EB5-2954C1AF6FDA}.Release|Any CPU.Build.0 = Release|Any CPU
		{5249901B-121C-472A-ABEC-B47C5086EB45}.Debug|Any CPU.ActiveCfg = Debug|Any CPU
		{5249901B-121C-472A-ABEC-B47C5086EB45}.Debug|Any CPU.Build.0 = Debug|Any CPU
		{5249901B-121C-472A-ABEC-B47C5086EB45}.Release|Any CPU.ActiveCfg = Release|Any CPU
		{5249901B-121C-472A-ABEC-B47C5086EB45}.Release|Any CPU.Build.0 = Release|Any CPU
		{470C43D2-805B-4003-B6CD-D79859BA0D40}.Debug|Any CPU.ActiveCfg = Debug|Any CPU
		{470C43D2-805B-4003-B6CD-D79859BA0D40}.Debug|Any CPU.Build.0 = Debug|Any CPU
		{470C43D2-805B-4003-B6CD-D79859BA0D40}.Release|Any CPU.ActiveCfg = Release|Any CPU
		{470C43D2-805B-4003-B6CD-D79859BA0D40}.Release|Any CPU.Build.0 = Release|Any CPU
	EndGlobalSection
	GlobalSection(SolutionProperties) = preSolution
		HideSolutionNode = FALSE
	EndGlobalSection
	GlobalSection(NestedProjects) = preSolution
		{CCABAF9D-257E-4DB4-B2DE-245BC83E94A7} = {F3B010AB-F059-431A-942F-A0D52ABA289D}
		{6F805055-4AA8-46BA-AB94-DDB9E4497C15} = {975135E3-EEF5-43BC-8000-DE89B1A327EF}
		{AFCC354E-B1EA-4FB6-9EB5-2954C1AF6FDA} = {975135E3-EEF5-43BC-8000-DE89B1A327EF}
		{5249901B-121C-472A-ABEC-B47C5086EB45} = {975135E3-EEF5-43BC-8000-DE89B1A327EF}
		{470C43D2-805B-4003-B6CD-D79859BA0D40} = {975135E3-EEF5-43BC-8000-DE89B1A327EF}
	EndGlobalSection
	GlobalSection(ExtensibilityGlobals) = postSolution
		SolutionGuid = {94364D79-3EAB-4AA6-B04F-A228F95219B3}
	EndGlobalSection
EndGlobal
